
Microsoft Visual Studio Solution File, Format Version 12.00
# Visual Studio 14
VisualStudioVersion = 14.0.25420.1
MinimumVisualStudioVersion = 10.0.40219.1
Project("{FAE04EC0-301F-11D3-BF4B-00C04F79EFBC}") = "Mathador", "Mathador\Mathador.csproj", "{B05F36CF-DD3D-4605-B2B6-12915A4C9070}"
EndProject
Project("{FAE04EC0-301F-11D3-BF4B-00C04F79EFBC}") = "Class", "ClassLibrary1\Class.csproj", "{246362A4-6D28-48D9-96E4-757C9FD298E4}"
EndProject
Global
	GlobalSection(SolutionConfigurationPlatforms) = preSolution
		Debug|Any CPU = Debug|Any CPU
		Release|Any CPU = Release|Any CPU
	EndGlobalSection
	GlobalSection(ProjectConfigurationPlatforms) = postSolution
		{B05F36CF-DD3D-4605-B2B6-12915A4C9070}.Debug|Any CPU.ActiveCfg = Debug|Any CPU
		{B05F36CF-DD3D-4605-B2B6-12915A4C9070}.Debug|Any CPU.Build.0 = Debug|Any CPU
		{B05F36CF-DD3D-4605-B2B6-12915A4C9070}.Release|Any CPU.ActiveCfg = Release|Any CPU
		{B05F36CF-DD3D-4605-B2B6-12915A4C9070}.Release|Any CPU.Build.0 = Release|Any CPU
		{246362A4-6D28-48D9-96E4-757C9FD298E4}.Debug|Any CPU.ActiveCfg = Debug|Any CPU
		{246362A4-6D28-48D9-96E4-757C9FD298E4}.Debug|Any CPU.Build.0 = Debug|Any CPU
		{246362A4-6D28-48D9-96E4-757C9FD298E4}.Release|Any CPU.ActiveCfg = Release|Any CPU
		{246362A4-6D28-48D9-96E4-757C9FD298E4}.Release|Any CPU.Build.0 = Release|Any CPU
	EndGlobalSection
	GlobalSection(SolutionProperties) = preSolution
		HideSolutionNode = FALSE
	EndGlobalSection
EndGlobal
